
Microsoft Visual Studio Solution File, Format Version 12.00
# Visual Studio Version 17
VisualStudioVersion = 17.0.31903.59
MinimumVisualStudioVersion = 10.0.40219.1
Project("{FAE04EC0-301F-11D3-BF4B-00C04F79EFBC}") = "Lab1", "Lab1\Lab1.csproj", "{E207FFF5-77A3-4B62-BA72-729496EFBC55}"
EndProject
Project("{FAE04EC0-301F-11D3-BF4B-00C04F79EFBC}") = "Lab2", "Lab2\Lab2.csproj", "{AD5AC648-2C59-42FE-B040-51AF51DD03AB}"
EndProject
Project("{FAE04EC0-301F-11D3-BF4B-00C04F79EFBC}") = "Lab4", "Lab4\Lab4.csproj", "{888739C0-2313-4087-9546-1DB2AAF75DC9}"
EndProject
Project("{2150E333-8FDC-42A3-9474-1A3956D46DE8}") = "Lab3", "Lab3", "{87B7E9C9-4035-1DCE-E58D-63E422A029CF}"
EndProject
Project("{2150E333-8FDC-42A3-9474-1A3956D46DE8}") = "Part1", "Part1", "{0D0230D6-2750-7576-BB1B-82BE765C81D9}"
EndProject
Project("{FAE04EC0-301F-11D3-BF4B-00C04F79EFBC}") = "Lab3_Serialization", "Lab3\Part1\Lab3_Serialization\Lab3_Serialization.csproj", "{FD82CE60-4A2E-4AAE-9FA1-1392FFB89615}"
EndProject
Project("{2150E333-8FDC-42A3-9474-1A3956D46DE8}") = "Part2", "Part2", "{94A444E9-0B9F-C940-D8CB-ADCFC965B5C6}"
EndProject
Project("{FAE04EC0-301F-11D3-BF4B-00C04F79EFBC}") = "Lab3.DAL", "Lab3\Part2\Lab3.DAL\Lab3.DAL.csproj", "{E62B7544-21D6-4D89-AEAC-62AB8A3A0251}"
EndProject
Project("{FAE04EC0-301F-11D3-BF4B-00C04F79EFBC}") = "Lab3.BLL", "Lab3\Part2\Lab3.BLL\Lab3.BLL.csproj", "{F0DC1A07-629D-4E89-A92E-CD327B2C21C0}"
EndProject
Project("{FAE04EC0-301F-11D3-BF4B-00C04F79EFBC}") = "Lab3.PL", "Lab3\Part2\Lab3.PL\Lab3.PL.csproj", "{C93A45A0-A535-4A4E-A95B-69B747300626}"
EndProject
Global
	GlobalSection(SolutionConfigurationPlatforms) = preSolution
		Debug|Any CPU = Debug|Any CPU
		Debug|x64 = Debug|x64
		Debug|x86 = Debug|x86
		Release|Any CPU = Release|Any CPU
		Release|x64 = Release|x64
		Release|x86 = Release|x86
	EndGlobalSection
	GlobalSection(ProjectConfigurationPlatforms) = postSolution
		{E207FFF5-77A3-4B62-BA72-729496EFBC55}.Debug|Any CPU.ActiveCfg = Debug|Any CPU
		{E207FFF5-77A3-4B62-BA72-729496EFBC55}.Debug|Any CPU.Build.0 = Debug|Any CPU
		{E207FFF5-77A3-4B62-BA72-729496EFBC55}.Debug|x64.ActiveCfg = Debug|Any CPU
		{E207FFF5-77A3-4B62-BA72-729496EFBC55}.Debug|x64.Build.0 = Debug|Any CPU
		{E207FFF5-77A3-4B62-BA72-729496EFBC55}.Debug|x86.ActiveCfg = Debug|Any CPU
		{E207FFF5-77A3-4B62-BA72-729496EFBC55}.Debug|x86.Build.0 = Debug|Any CPU
		{E207FFF5-77A3-4B62-BA72-729496EFBC55}.Release|Any CPU.ActiveCfg = Release|Any CPU
		{E207FFF5-77A3-4B62-BA72-729496EFBC55}.Release|Any CPU.Build.0 = Release|Any CPU
		{E207FFF5-77A3-4B62-BA72-729496EFBC55}.Release|x64.ActiveCfg = Release|Any CPU
		{E207FFF5-77A3-4B62-BA72-729496EFBC55}.Release|x64.Build.0 = Release|Any CPU
		{E207FFF5-77A3-4B62-BA72-729496EFBC55}.Release|x86.ActiveCfg = Release|Any CPU
		{E207FFF5-77A3-4B62-BA72-729496EFBC55}.Release|x86.Build.0 = Release|Any CPU
		{AD5AC648-2C59-42FE-B040-51AF51DD03AB}.Debug|Any CPU.ActiveCfg = Debug|Any CPU
		{AD5AC648-2C59-42FE-B040-51AF51DD03AB}.Debug|Any CPU.Build.0 = Debug|Any CPU
		{AD5AC648-2C59-42FE-B040-51AF51DD03AB}.Debug|x64.ActiveCfg = Debug|Any CPU
		{AD5AC648-2C59-42FE-B040-51AF51DD03AB}.Debug|x64.Build.0 = Debug|Any CPU
		{AD5AC648-2C59-42FE-B040-51AF51DD03AB}.Debug|x86.ActiveCfg = Debug|Any CPU
		{AD5AC648-2C59-42FE-B040-51AF51DD03AB}.Debug|x86.Build.0 = Debug|Any CPU
		{AD5AC648-2C59-42FE-B040-51AF51DD03AB}.Release|Any CPU.ActiveCfg = Release|Any CPU
		{AD5AC648-2C59-42FE-B040-51AF51DD03AB}.Release|Any CPU.Build.0 = Release|Any CPU
		{AD5AC648-2C59-42FE-B040-51AF51DD03AB}.Release|x64.ActiveCfg = Release|Any CPU
		{AD5AC648-2C59-42FE-B040-51AF51DD03AB}.Release|x64.Build.0 = Release|Any CPU
		{AD5AC648-2C59-42FE-B040-51AF51DD03AB}.Release|x86.ActiveCfg = Release|Any CPU
		{AD5AC648-2C59-42FE-B040-51AF51DD03AB}.Release|x86.Build.0 = Release|Any CPU
		{888739C0-2313-4087-9546-1DB2AAF75DC9}.Debug|Any CPU.ActiveCfg = Debug|Any CPU
		{888739C0-2313-4087-9546-1DB2AAF75DC9}.Debug|Any CPU.Build.0 = Debug|Any CPU
		{888739C0-2313-4087-9546-1DB2AAF75DC9}.Debug|x64.ActiveCfg = Debug|Any CPU
		{888739C0-2313-4087-9546-1DB2AAF75DC9}.Debug|x64.Build.0 = Debug|Any CPU
		{888739C0-2313-4087-9546-1DB2AAF75DC9}.Debug|x86.ActiveCfg = Debug|Any CPU
		{888739C0-2313-4087-9546-1DB2AAF75DC9}.Debug|x86.Build.0 = Debug|Any CPU
		{888739C0-2313-4087-9546-1DB2AAF75DC9}.Release|Any CPU.ActiveCfg = Release|Any CPU
		{888739C0-2313-4087-9546-1DB2AAF75DC9}.Release|Any CPU.Build.0 = Release|Any CPU
		{888739C0-2313-4087-9546-1DB2AAF75DC9}.Release|x64.ActiveCfg = Release|Any CPU
		{888739C0-2313-4087-9546-1DB2AAF75DC9}.Release|x64.Build.0 = Release|Any CPU
		{888739C0-2313-4087-9546-1DB2AAF75DC9}.Release|x86.ActiveCfg = Release|Any CPU
		{888739C0-2313-4087-9546-1DB2AAF75DC9}.Release|x86.Build.0 = Release|Any CPU
		{FD82CE60-4A2E-4AAE-9FA1-1392FFB89615}.Debug|Any CPU.ActiveCfg = Debug|Any CPU
		{FD82CE60-4A2E-4AAE-9FA1-1392FFB89615}.Debug|Any CPU.Build.0 = Debug|Any CPU
		{FD82CE60-4A2E-4AAE-9FA1-1392FFB89615}.Debug|x64.ActiveCfg = Debug|Any CPU
		{FD82CE60-4A2E-4AAE-9FA1-1392FFB89615}.Debug|x64.Build.0 = Debug|Any CPU
		{FD82CE60-4A2E-4AAE-9FA1-1392FFB89615}.Debug|x86.ActiveCfg = Debug|Any CPU
		{FD82CE60-4A2E-4AAE-9FA1-1392FFB89615}.Debug|x86.Build.0 = Debug|Any CPU
		{FD82CE60-4A2E-4AAE-9FA1-1392FFB89615}.Release|Any CPU.ActiveCfg = Release|Any CPU
		{FD82CE60-4A2E-4AAE-9FA1-1392FFB89615}.Release|Any CPU.Build.0 = Release|Any CPU
		{FD82CE60-4A2E-4AAE-9FA1-1392FFB89615}.Release|x64.ActiveCfg = Release|Any CPU
		{FD82CE60-4A2E-4AAE-9FA1-1392FFB89615}.Release|x64.Build.0 = Release|Any CPU
		{FD82CE60-4A2E-4AAE-9FA1-1392FFB89615}.Release|x86.ActiveCfg = Release|Any CPU
		{FD82CE60-4A2E-4AAE-9FA1-1392FFB89615}.Release|x86.Build.0 = Release|Any CPU
		{E62B7544-21D6-4D89-AEAC-62AB8A3A0251}.Debug|Any CPU.ActiveCfg = Debug|Any CPU
		{E62B7544-21D6-4D89-AEAC-62AB8A3A0251}.Debug|Any CPU.Build.0 = Debug|Any CPU
		{E62B7544-21D6-4D89-AEAC-62AB8A3A0251}.Debug|x64.ActiveCfg = Debug|Any CPU
		{E62B7544-21D6-4D89-AEAC-62AB8A3A0251}.Debug|x64.Build.0 = Debug|Any CPU
		{E62B7544-21D6-4D89-AEAC-62AB8A3A0251}.Debug|x86.ActiveCfg = Debug|Any CPU
		{E62B7544-21D6-4D89-AEAC-62AB8A3A0251}.Debug|x86.Build.0 = Debug|Any CPU
		{E62B7544-21D6-4D89-AEAC-62AB8A3A0251}.Release|Any CPU.ActiveCfg = Release|Any CPU
		{E62B7544-21D6-4D89-AEAC-62AB8A3A0251}.Release|Any CPU.Build.0 = Release|Any CPU
		{E62B7544-21D6-4D89-AEAC-62AB8A3A0251}.Release|x64.ActiveCfg = Release|Any CPU
		{E62B7544-21D6-4D89-AEAC-62AB8A3A0251}.Release|x64.Build.0 = Release|Any CPU
		{E62B7544-21D6-4D89-AEAC-62AB8A3A0251}.Release|x86.ActiveCfg = Release|Any CPU
		{E62B7544-21D6-4D89-AEAC-62AB8A3A0251}.Release|x86.Build.0 = Release|Any CPU
		{F0DC1A07-629D-4E89-A92E-CD327B2C21C0}.Debug|Any CPU.ActiveCfg = Debug|Any CPU
		{F0DC1A07-629D-4E89-A92E-CD327B2C21C0}.Debug|Any CPU.Build.0 = Debug|Any CPU
		{F0DC1A07-629D-4E89-A92E-CD327B2C21C0}.Debug|x64.ActiveCfg = Debug|Any CPU
		{F0DC1A07-629D-4E89-A92E-CD327B2C21C0}.Debug|x64.Build.0 = Debug|Any CPU
		{F0DC1A07-629D-4E89-A92E-CD327B2C21C0}.Debug|x86.ActiveCfg = Debug|Any CPU
		{F0DC1A07-629D-4E89-A92E-CD327B2C21C0}.Debug|x86.Build.0 = Debug|Any CPU
		{F0DC1A07-629D-4E89-A92E-CD327B2C21C0}.Release|Any CPU.ActiveCfg = Release|Any CPU
		{F0DC1A07-629D-4E89-A92E-CD327B2C21C0}.Release|Any CPU.Build.0 = Release|Any CPU
		{F0DC1A07-629D-4E89-A92E-CD327B2C21C0}.Release|x64.ActiveCfg = Release|Any CPU
		{F0DC1A07-629D-4E89-A92E-CD327B2C21C0}.Release|x64.Build.0 = Release|Any CPU
		{F0DC1A07-629D-4E89-A92E-CD327B2C21C0}.Release|x86.ActiveCfg = Release|Any CPU
		{F0DC1A07-629D-4E89-A92E-CD327B2C21C0}.Release|x86.Build.0 = Release|Any CPU
		{C93A45A0-A535-4A4E-A95B-69B747300626}.Debug|Any CPU.ActiveCfg = Debug|Any CPU
		{C93A45A0-A535-4A4E-A95B-69B747300626}.Debug|Any CPU.Build.0 = Debug|Any CPU
		{C93A45A0-A535-4A4E-A95B-69B747300626}.Debug|x64.ActiveCfg = Debug|Any CPU
		{C93A45A0-A535-4A4E-A95B-69B747300626}.Debug|x64.Build.0 = Debug|Any CPU
		{C93A45A0-A535-4A4E-A95B-69B747300626}.Debug|x86.ActiveCfg = Debug|Any CPU
		{C93A45A0-A535-4A4E-A95B-69B747300626}.Debug|x86.Build.0 = Debug|Any CPU
		{C93A45A0-A535-4A4E-A95B-69B747300626}.Release|Any CPU.ActiveCfg = Release|Any CPU
		{C93A45A0-A535-4A4E-A95B-69B747300626}.Release|Any CPU.Build.0 = Release|Any CPU
		{C93A45A0-A535-4A4E-A95B-69B747300626}.Release|x64.ActiveCfg = Release|Any CPU
		{C93A45A0-A535-4A4E-A95B-69B747300626}.Release|x64.Build.0 = Release|Any CPU
		{C93A45A0-A535-4A4E-A95B-69B747300626}.Release|x86.ActiveCfg = Release|Any CPU
		{C93A45A0-A535-4A4E-A95B-69B747300626}.Release|x86.Build.0 = Release|Any CPU
	EndGlobalSection
	GlobalSection(SolutionProperties) = preSolution
		HideSolutionNode = FALSE
	EndGlobalSection
	GlobalSection(NestedProjects) = preSolution
		{0D0230D6-2750-7576-BB1B-82BE765C81D9} = {87B7E9C9-4035-1DCE-E58D-63E422A029CF}
		{FD82CE60-4A2E-4AAE-9FA1-1392FFB89615} = {0D0230D6-2750-7576-BB1B-82BE765C81D9}
		{94A444E9-0B9F-C940-D8CB-ADCFC965B5C6} = {87B7E9C9-4035-1DCE-E58D-63E422A029CF}
		{E62B7544-21D6-4D89-AEAC-62AB8A3A0251} = {94A444E9-0B9F-C940-D8CB-ADCFC965B5C6}
		{F0DC1A07-629D-4E89-A92E-CD327B2C21C0} = {94A444E9-0B9F-C940-D8CB-ADCFC965B5C6}
		{C93A45A0-A535-4A4E-A95B-69B747300626} = {94A444E9-0B9F-C940-D8CB-ADCFC965B5C6}
	EndGlobalSection
EndGlobal
